{
  "version": "4",
  "remote": {
    "https://deno.land/std@0.183.0/async/abortable.ts": "fd682fa46f3b7b16b4606a5ab52a7ce309434b76f820d3221bdfb862719a15d7",
    "https://deno.land/std@0.183.0/async/deadline.ts": "c5facb0b404eede83e38bd2717ea8ab34faa2ffb20ef87fd261fcba32ba307aa",
    "https://deno.land/std@0.183.0/async/debounce.ts": "adab11d04ca38d699444ac8a9d9856b4155e8dda2afd07ce78276c01ea5a4332",
    "https://deno.land/std@0.183.0/async/deferred.ts": "42790112f36a75a57db4a96d33974a936deb7b04d25c6084a9fa8a49f135def8",
    "https://deno.land/std@0.183.0/async/delay.ts": "73aa04cec034c84fc748c7be49bb15cac3dd43a57174bfdb7a4aec22c248f0dd",
    "https://deno.land/std@0.183.0/async/mod.ts": "f04344fa21738e5ad6bea37a6bfffd57c617c2d372bb9f9dcfd118a1b622e576",
    "https://deno.land/std@0.183.0/async/mux_async_iterator.ts": "70c7f2ee4e9466161350473ad61cac0b9f115cff4c552eaa7ef9d50c4cbb4cc9",
    "https://deno.land/std@0.183.0/async/pool.ts": "fd082bd4aaf26445909889435a5c74334c017847842ec035739b4ae637ae8260",
    "https://deno.land/std@0.183.0/async/retry.ts": "dd19d93033d8eaddbfcb7654c0366e9d3b0a21448bdb06eba4a7d8a8cf936a92",
    "https://deno.land/std@0.183.0/async/tee.ts": "47e42d35f622650b02234d43803d0383a89eb4387e1b83b5a40106d18ae36757",
    "https://deno.land/std@0.183.0/http/server.ts": "cbb17b594651215ba95c01a395700684e569c165a567e4e04bba327f41197433",
    "https://deno.land/x/cors@v1.2.2/abcCors.ts": "cdf83a7eaa69a1bf3ab910d18b9422217902fac47601adcaf0afac5a61845d48",
    "https://deno.land/x/cors@v1.2.2/attainCors.ts": "7d6aba0f942495cc31119604e0895c9bb8edd8f8baa7fe78e6c655bd0b4cbf59",
    "https://deno.land/x/cors@v1.2.2/cors.ts": "0e2d9167e3685f9bcf48f565e312b6e1883fa458f7337e5ce7bc2e3b29767980",
    "https://deno.land/x/cors@v1.2.2/mithCors.ts": "3a359d6e716e0410ede278ab54d875b293a2d66d838aaa7cfbf9ddc1e9e990d3",
    "https://deno.land/x/cors@v1.2.2/mod.ts": "2b351913f56d77ad80cb3b8633d4539c9eeddb426dae79437ada0e6a9cb4f1a6",
    "https://deno.land/x/cors@v1.2.2/oakCors.ts": "1348dc7673c61b85d2e80559a7b44f8e0246eaa6bcc6ec744fafe5d9b13b5c71",
    "https://deno.land/x/cors@v1.2.2/opineCors.ts": "fb5790115c26b7061d84b8d6c17d258a1e241bcab75b0bc3ca1fdb2e57bc5072",
    "https://deno.land/x/cors@v1.2.2/types.ts": "97546633ccc7f0df7a29bacba5d91dc6f61decdd1b65258300244dba905d34b8"
  },
  "workspace": {
    "packageJson": {
      "dependencies": [
        "npm:@emotion/babel-plugin@^11.11.0",
        "npm:@emotion/react@^11.11.0",
        "npm:@emotion/styled@^11.11.0",
        "npm:@fullcalendar/core@^6.1.10",
        "npm:@fullcalendar/daygrid@^6.1.10",
        "npm:@fullcalendar/interaction@^6.1.10",
        "npm:@fullcalendar/react@^6.1.10",
        "npm:@fullcalendar/timegrid@^6.1.10",
        "npm:@mui/icons-material@^5.15.6",
        "npm:@mui/material@^5.14.0",
        "npm:@mui/x-date-pickers@^6.18.0",
        "npm:@supabase/supabase-js@^2.49.1",
        "npm:@tanstack/react-query@^5.17.19",
        "npm:@types/bcrypt@^5.0.2",
        "npm:@types/cors@^2.8.17",
        "npm:@types/dotenv@^8.2.3",
        "npm:@types/express@^4.17.21",
        "npm:@types/multer@^1.4.11",
        "npm:@types/pg@^8.11.11",
        "npm:@types/react-csv@^1.1.10",
        "npm:@types/react-dom@^18.2.17",
        "npm:@types/react@^18.2.43",
        "npm:@types/uuid@10",
        "npm:@typescript-eslint/eslint-plugin@^6.21.0",
        "npm:@typescript-eslint/parser@^6.21.0",
        "npm:@vitejs/plugin-react@^4.2.1",
        "npm:bcrypt@^5.1.1",
        "npm:chart.js@^3.7.1",
        "npm:cors@^2.8.5",
        "npm:date-fns@^2.30.0",
        "npm:dotenv@^16.4.7",
        "npm:eslint-plugin-react-hooks@^4.6.0",
        "npm:eslint-plugin-react-refresh@~0.4.5",
        "npm:eslint@^8.55.0",
        "npm:exceljs@^4.4.0",
        "npm:express@^4.18.3",
        "npm:framer-motion@^11.0.3",
        "npm:jspdf-autotable@^5.0.2",
        "npm:jspdf@3",
        "npm:multer@^1.4.5-lts.1",
        "npm:pg@^8.13.3",
        "npm:react-chartjs-2@^4.1.0",
        "npm:react-csv@^2.2.2",
        "npm:react-dom@^18.2.0",
        "npm:react-router-dom@^6.21.3",
        "npm:react-toastify@^10.0.4",
        "npm:react@^18.2.0",
        "npm:recharts@^2.15.1",
        "npm:socket.io-client@^4.4.1",
        "npm:typescript@^5.2.2",
        "npm:uuid@^11.1.0",
        "npm:vite@^5.0.8",
        "npm:xlsx@~0.18.5"
      ]
    }
  }
}
